
Microsoft Visual Studio Solution File, Format Version 12.00
# Visual Studio Version 17
VisualStudioVersion = 17.2.32616.157
MinimumVisualStudioVersion = 10.0.40219.1
Project("{FAE04EC0-301F-11D3-BF4B-00C04F79EFBC}") = "EcommerceProject", "EcommerceProject\EcommerceProject.csproj", "{5CE3CBD6-56E9-4737-A91A-5DE8B02C5364}"
EndProject
Global
	GlobalSection(SolutionConfigurationPlatforms) = preSolution
		Debug|Any CPU = Debug|Any CPU
		Release|Any CPU = Release|Any CPU
	EndGlobalSection
	GlobalSection(ProjectConfigurationPlatforms) = postSolution
		{5CE3CBD6-56E9-4737-A91A-5DE8B02C5364}.Debug|Any CPU.ActiveCfg = Debug|Any CPU
		{5CE3CBD6-56E9-4737-A91A-5DE8B02C5364}.Debug|Any CPU.Build.0 = Debug|Any CPU
		{5CE3CBD6-56E9-4737-A91A-5DE8B02C5364}.Release|Any CPU.ActiveCfg = Release|Any CPU
		{5CE3CBD6-56E9-4737-A91A-5DE8B02C5364}.Release|Any CPU.Build.0 = Release|Any CPU
	EndGlobalSection
	GlobalSection(SolutionProperties) = preSolution
		HideSolutionNode = FALSE
	EndGlobalSection
	GlobalSection(ExtensibilityGlobals) = postSolution
		SolutionGuid = {E7D3F69F-F0B9-488A-87EB-9B366A141F62}
	EndGlobalSection
EndGlobal
